
Microsoft Visual Studio Solution File, Format Version 12.00
# Visual Studio Version 16
VisualStudioVersion = 16.0.810.8
MinimumVisualStudioVersion = 10.0.40219.1
Project("{FAE04EC0-301F-11D3-BF4B-00C04F79EFBC}") = "RabbitMQ.Producer", "RabbitMQ.Producer\RabbitMQ.Producer.csproj", "{BDBB023A-CD10-46E8-B0C5-088F5275C910}"
EndProject
Global
	GlobalSection(SolutionConfigurationPlatforms) = preSolution
		Debug|Any CPU = Debug|Any CPU
		Release|Any CPU = Release|Any CPU
	EndGlobalSection
	GlobalSection(ProjectConfigurationPlatforms) = postSolution
		{BDBB023A-CD10-46E8-B0C5-088F5275C910}.Debug|Any CPU.ActiveCfg = Debug|Any CPU
		{BDBB023A-CD10-46E8-B0C5-088F5275C910}.Debug|Any CPU.Build.0 = Debug|Any CPU
		{BDBB023A-CD10-46E8-B0C5-088F5275C910}.Release|Any CPU.ActiveCfg = Release|Any CPU
		{BDBB023A-CD10-46E8-B0C5-088F5275C910}.Release|Any CPU.Build.0 = Release|Any CPU
	EndGlobalSection
	GlobalSection(SolutionProperties) = preSolution
		HideSolutionNode = FALSE
	EndGlobalSection
	GlobalSection(ExtensibilityGlobals) = postSolution
		SolutionGuid = {FC631BA2-3A3E-44E4-AD99-9B3B7A745938}
	EndGlobalSection
EndGlobal
